
Microsoft Visual Studio Solution File, Format Version 12.00
# Visual Studio Version 17
VisualStudioVersion = 17.5.002.0
MinimumVisualStudioVersion = 10.0.40219.1
Project("{9A19103F-16F7-4668-BE54-9A1E7A4F7556}") = "E2", "E2.csproj", "{D6A55AA2-285D-43E2-8D5A-9F84BC105690}"
EndProject
Global
	GlobalSection(SolutionConfigurationPlatforms) = preSolution
		Debug|Any CPU = Debug|Any CPU
		Release|Any CPU = Release|Any CPU
	EndGlobalSection
	GlobalSection(ProjectConfigurationPlatforms) = postSolution
		{D6A55AA2-285D-43E2-8D5A-9F84BC105690}.Debug|Any CPU.ActiveCfg = Debug|Any CPU
		{D6A55AA2-285D-43E2-8D5A-9F84BC105690}.Debug|Any CPU.Build.0 = Debug|Any CPU
		{D6A55AA2-285D-43E2-8D5A-9F84BC105690}.Release|Any CPU.ActiveCfg = Release|Any CPU
		{D6A55AA2-285D-43E2-8D5A-9F84BC105690}.Release|Any CPU.Build.0 = Release|Any CPU
	EndGlobalSection
	GlobalSection(SolutionProperties) = preSolution
		HideSolutionNode = FALSE
	EndGlobalSection
	GlobalSection(ExtensibilityGlobals) = postSolution
		SolutionGuid = {6F3AB6AD-A251-40AC-A23D-C66410284EB5}
	EndGlobalSection
EndGlobal
