
Microsoft Visual Studio Solution File, Format Version 12.00
# Visual Studio Version 17
VisualStudioVersion = 17.0.31903.59
MinimumVisualStudioVersion = 10.0.40219.1
Project("{FAE04EC0-301F-11D3-BF4B-00C04F79EFBC}") = "E1", "E1\E1.csproj", "{532CC1DD-DD67-4700-BCA6-7486B7CC59A4}"
EndProject
Project("{FAE04EC0-301F-11D3-BF4B-00C04F79EFBC}") = "E1.Tests", "E1.Tests\E1.Tests.csproj", "{3B1292B5-6F64-4267-8ABC-6C171CB5ADA8}"
EndProject
Global
	GlobalSection(SolutionConfigurationPlatforms) = preSolution
		Debug|Any CPU = Debug|Any CPU
		Release|Any CPU = Release|Any CPU
	EndGlobalSection
	GlobalSection(SolutionProperties) = preSolution
		HideSolutionNode = FALSE
	EndGlobalSection
	GlobalSection(ProjectConfigurationPlatforms) = postSolution
		{532CC1DD-DD67-4700-BCA6-7486B7CC59A4}.Debug|Any CPU.ActiveCfg = Debug|Any CPU
		{532CC1DD-DD67-4700-BCA6-7486B7CC59A4}.Debug|Any CPU.Build.0 = Debug|Any CPU
		{532CC1DD-DD67-4700-BCA6-7486B7CC59A4}.Release|Any CPU.ActiveCfg = Release|Any CPU
		{532CC1DD-DD67-4700-BCA6-7486B7CC59A4}.Release|Any CPU.Build.0 = Release|Any CPU
		{3B1292B5-6F64-4267-8ABC-6C171CB5ADA8}.Debug|Any CPU.ActiveCfg = Debug|Any CPU
		{3B1292B5-6F64-4267-8ABC-6C171CB5ADA8}.Debug|Any CPU.Build.0 = Debug|Any CPU
		{3B1292B5-6F64-4267-8ABC-6C171CB5ADA8}.Release|Any CPU.ActiveCfg = Release|Any CPU
		{3B1292B5-6F64-4267-8ABC-6C171CB5ADA8}.Release|Any CPU.Build.0 = Release|Any CPU
	EndGlobalSection
EndGlobal
